// !$*UTF8*$!
{
	archiveVersion = 1;
	classes = {
	};
	objectVersion = 46;
	objects = {

/* Begin PBXFileReference section */
		81C24729141ADDCB000A420F /* ObjectId.pm */ = {isa = PBXFileReference; lastKnownFileType = text.script.perl; path = ObjectId.pm; sourceTree = "<group>"; };
		81C2472A141ADDCB000A420F /* BSON.pm */ = {isa = PBXFileReference; lastKnownFileType = text.script.perl; path = BSON.pm; sourceTree = "<group>"; };
		81C2472C141ADDCB000A420F /* logo_32x32.png */ = {isa = PBXFileReference; lastKnownFileType = image.png; path = logo_32x32.png; sourceTree = "<group>"; };
		81C2472D141ADDCB000A420F /* META.info */ = {isa = PBXFileReference; lastKnownFileType = text; path = META.info; sourceTree = "<group>"; };
		81C2472E141ADDCB000A420F /* README */ = {isa = PBXFileReference; lastKnownFileType = text; path = README; sourceTree = "<group>"; };
		81C24731141ADDCB000A420F /* extended.t */ = {isa = PBXFileReference; lastKnownFileType = text; path = extended.t; sourceTree = "<group>"; };
		81C24732141ADDCB000A420F /* native.t */ = {isa = PBXFileReference; lastKnownFileType = text; path = native.t; sourceTree = "<group>"; };
/* End PBXFileReference section */

/* Begin PBXGroup section */
		81C2471E141ADCA5000A420F = {
			isa = PBXGroup;
			children = (
				81C24727141ADDCB000A420F /* lib */,
				81C2472B141ADDCB000A420F /* logotype */,
				81C2472D141ADDCB000A420F /* META.info */,
				81C2472E141ADDCB000A420F /* README */,
				81C2472F141ADDCB000A420F /* t */,
			);
			sourceTree = "<group>";
		};
		81C24727141ADDCB000A420F /* lib */ = {
			isa = PBXGroup;
			children = (
				81C24728141ADDCB000A420F /* BSON */,
				81C2472A141ADDCB000A420F /* BSON.pm */,
			);
			path = lib;
			sourceTree = "<group>";
		};
		81C24728141ADDCB000A420F /* BSON */ = {
			isa = PBXGroup;
			children = (
				81C24729141ADDCB000A420F /* ObjectId.pm */,
			);
			path = BSON;
			sourceTree = "<group>";
		};
		81C2472B141ADDCB000A420F /* logotype */ = {
			isa = PBXGroup;
			children = (
				81C2472C141ADDCB000A420F /* logo_32x32.png */,
			);
			path = logotype;
			sourceTree = "<group>";
		};
		81C2472F141ADDCB000A420F /* t */ = {
			isa = PBXGroup;
			children = (
				81C24731141ADDCB000A420F /* extended.t */,
				81C24732141ADDCB000A420F /* native.t */,
			);
			path = t;
			sourceTree = "<group>";
		};
/* End PBXGroup section */

/* Begin PBXProject section */
		81C24720141ADCA5000A420F /* Project object */ = {
			isa = PBXProject;
			buildConfigurationList = 81C24723141ADCA5000A420F /* Build configuration list for PBXProject "BSON Perl6 format" */;
			compatibilityVersion = "Xcode 3.2";
			developmentRegion = English;
			hasScannedForEncodings = 0;
			knownRegions = (
				en,
			);
			mainGroup = 81C2471E141ADCA5000A420F;
			projectDirPath = "";
			projectRoot = "";
			targets = (
			);
		};
/* End PBXProject section */

/* Begin XCBuildConfiguration section */
		81C24725141ADCA6000A420F /* Debug */ = {
			isa = XCBuildConfiguration;
			buildSettings = {
			};
			name = Debug;
		};
		81C24726141ADCA6000A420F /* Release */ = {
			isa = XCBuildConfiguration;
			buildSettings = {
			};
			name = Release;
		};
/* End XCBuildConfiguration section */

/* Begin XCConfigurationList section */
		81C24723141ADCA5000A420F /* Build configuration list for PBXProject "BSON Perl6 format" */ = {
			isa = XCConfigurationList;
			buildConfigurations = (
				81C24725141ADCA6000A420F /* Debug */,
				81C24726141ADCA6000A420F /* Release */,
			);
			defaultConfigurationIsVisible = 0;
			defaultConfigurationName = Release;
		};
/* End XCConfigurationList section */
	};
	rootObject = 81C24720141ADCA5000A420F /* Project object */;
}
